
Microsoft Visual Studio Solution File, Format Version 12.00
# Visual Studio Version 17
VisualStudioVersion = 17.1.32319.34
MinimumVisualStudioVersion = 10.0.40219.1
Project("{FAE04EC0-301F-11D3-BF4B-00C04F79EFBC}") = "DemoCoin", "DemoCoin\DemoCoin.csproj", "{5D281D8D-88AB-4338-87A7-49250780C0AF}"
EndProject
Global
	GlobalSection(SolutionConfigurationPlatforms) = preSolution
		Debug|Any CPU = Debug|Any CPU
		Release|Any CPU = Release|Any CPU
	EndGlobalSection
	GlobalSection(ProjectConfigurationPlatforms) = postSolution
		{5D281D8D-88AB-4338-87A7-49250780C0AF}.Debug|Any CPU.ActiveCfg = Debug|Any CPU
		{5D281D8D-88AB-4338-87A7-49250780C0AF}.Debug|Any CPU.Build.0 = Debug|Any CPU
		{5D281D8D-88AB-4338-87A7-49250780C0AF}.Release|Any CPU.ActiveCfg = Release|Any CPU
		{5D281D8D-88AB-4338-87A7-49250780C0AF}.Release|Any CPU.Build.0 = Release|Any CPU
	EndGlobalSection
	GlobalSection(SolutionProperties) = preSolution
		HideSolutionNode = FALSE
	EndGlobalSection
	GlobalSection(ExtensibilityGlobals) = postSolution
		SolutionGuid = {8C4A74D4-3240-4D84-9B4B-2159970AA9AD}
	EndGlobalSection
EndGlobal
